{
  "version": 4,
  "terraform_version": "1.2.9",
  "serial": 154,
  "lineage": "d936f2b2-c030-2648-4f08-de71d2d966e8",
  "outputs": {
    "service_url": {
      "value": "https://dbt-service-45zrjkro3a-ew.a.run.app",
      "type": "string"
    }
  },
  "resources": [
    {
      "mode": "data",
      "type": "archive_file",
      "name": "function",
      "provider": "provider[\"registry.terraform.io/hashicorp/archive\"]",
      "instances": [
        {
          "schema_version": 0,
          "attributes": {
            "excludes": null,
            "id": "2791196d5baed06d31d6dd6e6896096880db8e4d",
            "output_base64sha256": "hW+0ngnS+42lv8RQ8CKvQvno5K1q4NZNvsWMlM/6yJo=",
            "output_file_mode": null,
            "output_md5": "418e5ffabbc8d8414f3838b5ce57a74e",
            "output_path": "temp/function_code_20220919162158.zip",
            "output_sha": "2791196d5baed06d31d6dd6e6896096880db8e4d",
            "output_size": 12407,
            "source": [],
            "source_content": null,
            "source_content_filename": null,
            "source_dir": "function",
            "source_file": null,
            "type": "zip"
          },
          "sensitive_attributes": []
        }
      ]
    },
    {
      "mode": "managed",
      "type": "google_cloud_run_service",
      "name": "dbt",
      "provider": "provider[\"registry.terraform.io/hashicorp/google\"]",
      "instances": [
        {
          "schema_version": 1,
          "attributes": {
            "autogenerate_revision_name": true,
            "id": "locations/europe-west1/namespaces/serverless-dbt-362814/services/dbt-service",
            "location": "europe-west1",
            "metadata": [
              {
                "annotations": {
                  "run.googleapis.com/ingress": "all",
                  "run.googleapis.com/ingress-status": "all",
                  "serving.knative.dev/creator": "cloudspot.co@gmail.com",
                  "serving.knative.dev/lastModifier": "cloudspot.co@gmail.com"
                },
                "generation": 1,
                "labels": {
                  "cloud.googleapis.com/location": "europe-west1"
                },
                "namespace": "serverless-dbt-362814",
                "resource_version": "AAXpCXLIoeA",
                "self_link": "/apis/serving.knative.dev/v1/namespaces/545360911482/services/dbt-service",
                "uid": "a23bfe01-c826-4b41-a1ac-9cf4405920f9"
              }
            ],
            "name": "dbt-service",
            "project": "serverless-dbt-362814",
            "status": [
              {
                "conditions": [
                  {
                    "message": "",
                    "reason": "",
                    "status": "True",
                    "type": "Ready"
                  },
                  {
                    "message": "",
                    "reason": "",
                    "status": "True",
                    "type": "ConfigurationsReady"
                  },
                  {
                    "message": "",
                    "reason": "",
                    "status": "True",
                    "type": "RoutesReady"
                  }
                ],
                "latest_created_revision_name": "dbt-service-lpcs6",
                "latest_ready_revision_name": "dbt-service-lpcs6",
                "observed_generation": 1,
                "url": "https://dbt-service-45zrjkro3a-ew.a.run.app"
              }
            ],
            "template": [
              {
                "metadata": [
                  {
                    "annotations": {
                      "autoscaling.knative.dev/maxScale": "100"
                    },
                    "generation": 0,
                    "labels": {},
                    "name": "",
                    "namespace": "",
                    "resource_version": "",
                    "self_link": "",
                    "uid": ""
                  }
                ],
                "spec": [
                  {
                    "container_concurrency": 80,
                    "containers": [
                      {
                        "args": [],
                        "command": [],
                        "env": [
                          {
                            "name": "BUCKET_NAME",
                            "value": "test"
                          }
                        ],
                        "env_from": [],
                        "image": "gcr.io/serverless-dbt-362814/dbt-service",
                        "ports": [
                          {
                            "container_port": 8080,
                            "name": "http1",
                            "protocol": ""
                          }
                        ],
                        "resources": [
                          {
                            "limits": {
                              "cpu": "1000m",
                              "memory": "512Mi"
                            },
                            "requests": {}
                          }
                        ],
                        "working_dir": ""
                      }
                    ],
                    "service_account_name": "dbt-worker@serverless-dbt-362814.iam.gserviceaccount.com",
                    "serving_state": "",
                    "timeout_seconds": 300
                  }
                ]
              }
            ],
            "timeouts": null,
            "traffic": [
              {
                "latest_revision": true,
                "percent": 100,
                "revision_name": ""
              }
            ]
          },
          "sensitive_attributes": [],
          "private": "eyJlMmJmYjczMC1lY2FhLTExZTYtOGY4OC0zNDM2M2JjN2M0YzAiOnsiY3JlYXRlIjozNjAwMDAwMDAwMDAsImRlbGV0ZSI6MjQwMDAwMDAwMDAwLCJ1cGRhdGUiOjkwMDAwMDAwMDAwMH0sInNjaGVtYV92ZXJzaW9uIjoiMSJ9",
          "dependencies": [
            "google_project_service.run",
            "google_service_account.dbt_worker"
          ]
        }
      ]
    },
    {
      "mode": "managed",
      "type": "google_cloud_scheduler_job",
      "name": "job",
      "provider": "provider[\"registry.terraform.io/hashicorp/google\"]",
      "instances": [
        {
          "schema_version": 0,
          "attributes": {
            "app_engine_http_target": [],
            "attempt_deadline": "",
            "description": "trigger the dbt processing",
            "http_target": [],
            "id": "projects/serverless-dbt-362814/locations/europe-west1/jobs/dbt-trigger",
            "name": "dbt-trigger",
            "project": "serverless-dbt-362814",
            "pubsub_target": [
              {
                "attributes": {},
                "data": "eyItLXByb2ZpbGVzLWRpciI6InByb2ZpbGVzIiwiLS1wcm9qZWN0LWRpciI6ImRidF9wcm9jZXNzIiwiY2xpIjoicnVuIiwidXJsIjoiaHR0cHM6Ly9kYnQtc2VydmljZS00NXpyamtybzNhLWV3LmEucnVuLmFwcC90ZXN0In0=",
                "topic_name": "projects/serverless-dbt-362814/topics/pubsub-dbt"
              }
            ],
            "region": "europe-west1",
            "retry_config": [],
            "schedule": "0 6 * * *",
            "time_zone": "Europe/Paris",
            "timeouts": null
          },
          "sensitive_attributes": [],
          "private": "eyJlMmJmYjczMC1lY2FhLTExZTYtOGY4OC0zNDM2M2JjN2M0YzAiOnsiY3JlYXRlIjoyNDAwMDAwMDAwMDAsImRlbGV0ZSI6MjQwMDAwMDAwMDAwLCJ1cGRhdGUiOjI0MDAwMDAwMDAwMH19",
          "dependencies": [
            "google_cloud_run_service.dbt",
            "google_pubsub_topic.topic"
          ]
        }
      ]
    },
    {
      "mode": "managed",
      "type": "google_cloudfunctions_function",
      "name": "function",
      "provider": "provider[\"registry.terraform.io/hashicorp/google\"]",
      "instances": [
        {
          "schema_version": 0,
          "attributes": {
            "available_memory_mb": 512,
            "build_environment_variables": null,
            "description": "processing",
            "entry_point": "pubsub_trigger",
            "environment_variables": {},
            "event_trigger": [
              {
                "event_type": "google.pubsub.topic.publish",
                "failure_policy": [
                  {
                    "retry": false
                  }
                ],
                "resource": "projects/serverless-dbt-362814/topics/pubsub-dbt"
              }
            ],
            "https_trigger_url": null,
            "id": "projects/serverless-dbt-362814/locations/europe-west1/functions/check",
            "ingress_settings": "ALLOW_ALL",
            "labels": {},
            "max_instances": 0,
            "name": "check",
            "project": "serverless-dbt-362814",
            "region": "europe-west1",
            "runtime": "python37",
            "service_account_email": "dbt-worker@serverless-dbt-362814.iam.gserviceaccount.com",
            "source_archive_bucket": "serverless-dbt-362814-source",
            "source_archive_object": "function_418e5ffabbc8d8414f3838b5ce57a74e.zip",
            "source_repository": [],
            "timeout": 60,
            "timeouts": null,
            "trigger_http": null,
            "vpc_connector": "",
            "vpc_connector_egress_settings": ""
          },
          "sensitive_attributes": [],
          "private": "eyJlMmJmYjczMC1lY2FhLTExZTYtOGY4OC0zNDM2M2JjN2M0YzAiOnsiY3JlYXRlIjozMDAwMDAwMDAwMDAsImRlbGV0ZSI6MzAwMDAwMDAwMDAwLCJyZWFkIjozMDAwMDAwMDAwMDAsInVwZGF0ZSI6MzAwMDAwMDAwMDAwfX0=",
          "dependencies": [
            "data.archive_file.function",
            "google_project_service.cloudfunctions",
            "google_service_account.dbt_worker",
            "google_storage_bucket.source",
            "google_storage_bucket_object.archive"
          ]
        }
      ]
    },
    {
      "mode": "managed",
      "type": "google_project_iam_binding",
      "name": "service_permissions",
      "provider": "provider[\"registry.terraform.io/hashicorp/google\"]",
      "instances": [
        {
          "index_key": "cloudfunctions.invoker",
          "schema_version": 0,
          "attributes": {
            "condition": [],
            "etag": "BwXpCXJ4V24=",
            "id": "serverless-dbt-362814/roles/cloudfunctions.invoker",
            "members": [
              "serviceAccount:dbt-worker@serverless-dbt-362814.iam.gserviceaccount.com"
            ],
            "project": "serverless-dbt-362814",
            "role": "roles/cloudfunctions.invoker"
          },
          "sensitive_attributes": [],
          "private": "bnVsbA==",
          "dependencies": [
            "google_service_account.dbt_worker"
          ]
        },
        {
          "index_key": "run.invoker",
          "schema_version": 0,
          "attributes": {
            "condition": [],
            "etag": "BwXpCXJ4V24=",
            "id": "serverless-dbt-362814/roles/run.invoker",
            "members": [
              "serviceAccount:dbt-worker@serverless-dbt-362814.iam.gserviceaccount.com"
            ],
            "project": "serverless-dbt-362814",
            "role": "roles/run.invoker"
          },
          "sensitive_attributes": [],
          "private": "bnVsbA==",
          "dependencies": [
            "google_service_account.dbt_worker"
          ]
        }
      ]
    },
    {
      "mode": "managed",
      "type": "google_project_service",
      "name": "cloudbuild",
      "provider": "provider[\"registry.terraform.io/hashicorp/google\"]",
      "instances": [
        {
          "schema_version": 0,
          "attributes": {
            "disable_dependent_services": null,
            "disable_on_destroy": false,
            "id": "serverless-dbt-362814/cloudbuild.googleapis.com",
            "project": "serverless-dbt-362814",
            "service": "cloudbuild.googleapis.com",
            "timeouts": null
          },
          "sensitive_attributes": [],
          "private": "eyJlMmJmYjczMC1lY2FhLTExZTYtOGY4OC0zNDM2M2JjN2M0YzAiOnsiY3JlYXRlIjoxMjAwMDAwMDAwMDAwLCJkZWxldGUiOjEyMDAwMDAwMDAwMDAsInJlYWQiOjYwMDAwMDAwMDAwMCwidXBkYXRlIjoxMjAwMDAwMDAwMDAwfX0="
        }
      ]
    },
    {
      "mode": "managed",
      "type": "google_project_service",
      "name": "cloudfunctions",
      "provider": "provider[\"registry.terraform.io/hashicorp/google\"]",
      "instances": [
        {
          "schema_version": 0,
          "attributes": {
            "disable_dependent_services": null,
            "disable_on_destroy": false,
            "id": "serverless-dbt-362814/cloudfunctions.googleapis.com",
            "project": "serverless-dbt-362814",
            "service": "cloudfunctions.googleapis.com",
            "timeouts": null
          },
          "sensitive_attributes": [],
          "private": "eyJlMmJmYjczMC1lY2FhLTExZTYtOGY4OC0zNDM2M2JjN2M0YzAiOnsiY3JlYXRlIjoxMjAwMDAwMDAwMDAwLCJkZWxldGUiOjEyMDAwMDAwMDAwMDAsInJlYWQiOjYwMDAwMDAwMDAwMCwidXBkYXRlIjoxMjAwMDAwMDAwMDAwfX0="
        }
      ]
    },
    {
      "mode": "managed",
      "type": "google_project_service",
      "name": "iam",
      "provider": "provider[\"registry.terraform.io/hashicorp/google\"]",
      "instances": [
        {
          "schema_version": 0,
          "attributes": {
            "disable_dependent_services": null,
            "disable_on_destroy": false,
            "id": "serverless-dbt-362814/iam.googleapis.com",
            "project": "serverless-dbt-362814",
            "service": "iam.googleapis.com",
            "timeouts": null
          },
          "sensitive_attributes": [],
          "private": "eyJlMmJmYjczMC1lY2FhLTExZTYtOGY4OC0zNDM2M2JjN2M0YzAiOnsiY3JlYXRlIjoxMjAwMDAwMDAwMDAwLCJkZWxldGUiOjEyMDAwMDAwMDAwMDAsInJlYWQiOjYwMDAwMDAwMDAwMCwidXBkYXRlIjoxMjAwMDAwMDAwMDAwfX0="
        }
      ]
    },
    {
      "mode": "managed",
      "type": "google_project_service",
      "name": "run",
      "provider": "provider[\"registry.terraform.io/hashicorp/google\"]",
      "instances": [
        {
          "schema_version": 0,
          "attributes": {
            "disable_dependent_services": null,
            "disable_on_destroy": false,
            "id": "serverless-dbt-362814/run.googleapis.com",
            "project": "serverless-dbt-362814",
            "service": "run.googleapis.com",
            "timeouts": null
          },
          "sensitive_attributes": [],
          "private": "eyJlMmJmYjczMC1lY2FhLTExZTYtOGY4OC0zNDM2M2JjN2M0YzAiOnsiY3JlYXRlIjoxMjAwMDAwMDAwMDAwLCJkZWxldGUiOjEyMDAwMDAwMDAwMDAsInJlYWQiOjYwMDAwMDAwMDAwMCwidXBkYXRlIjoxMjAwMDAwMDAwMDAwfX0="
        }
      ]
    },
    {
      "mode": "managed",
      "type": "google_pubsub_topic",
      "name": "topic",
      "provider": "provider[\"registry.terraform.io/hashicorp/google\"]",
      "instances": [
        {
          "schema_version": 0,
          "attributes": {
            "id": "projects/serverless-dbt-362814/topics/pubsub-dbt",
            "kms_key_name": "",
            "labels": {},
            "message_storage_policy": [],
            "name": "pubsub-dbt",
            "project": "serverless-dbt-362814",
            "schema_settings": [],
            "timeouts": null
          },
          "sensitive_attributes": [],
          "private": "eyJlMmJmYjczMC1lY2FhLTExZTYtOGY4OC0zNDM2M2JjN2M0YzAiOnsiY3JlYXRlIjozNjAwMDAwMDAwMDAsImRlbGV0ZSI6MjQwMDAwMDAwMDAwLCJ1cGRhdGUiOjM2MDAwMDAwMDAwMH19"
        }
      ]
    },
    {
      "mode": "managed",
      "type": "google_service_account",
      "name": "dbt_worker",
      "provider": "provider[\"registry.terraform.io/hashicorp/google\"]",
      "instances": [
        {
          "schema_version": 0,
          "attributes": {
            "account_id": "dbt-worker",
            "description": "",
            "disabled": false,
            "display_name": "dbt worker SA",
            "email": "dbt-worker@serverless-dbt-362814.iam.gserviceaccount.com",
            "id": "projects/serverless-dbt-362814/serviceAccounts/dbt-worker@serverless-dbt-362814.iam.gserviceaccount.com",
            "name": "projects/serverless-dbt-362814/serviceAccounts/dbt-worker@serverless-dbt-362814.iam.gserviceaccount.com",
            "project": "serverless-dbt-362814",
            "timeouts": null,
            "unique_id": "110197964915166628110"
          },
          "sensitive_attributes": [],
          "private": "eyJlMmJmYjczMC1lY2FhLTExZTYtOGY4OC0zNDM2M2JjN2M0YzAiOnsiY3JlYXRlIjozMDAwMDAwMDAwMDB9fQ=="
        }
      ]
    },
    {
      "mode": "managed",
      "type": "google_storage_bucket",
      "name": "source",
      "provider": "provider[\"registry.terraform.io/hashicorp/google\"]",
      "instances": [
        {
          "schema_version": 0,
          "attributes": {
            "bucket_policy_only": false,
            "cors": [],
            "default_event_based_hold": false,
            "encryption": [],
            "force_destroy": false,
            "id": "serverless-dbt-362814-source",
            "labels": {},
            "lifecycle_rule": [],
            "location": "US",
            "logging": [],
            "name": "serverless-dbt-362814-source",
            "project": "serverless-dbt-362814",
            "requester_pays": false,
            "retention_policy": [],
            "self_link": "https://www.googleapis.com/storage/v1/b/serverless-dbt-362814-source",
            "storage_class": "STANDARD",
            "uniform_bucket_level_access": false,
            "url": "gs://serverless-dbt-362814-source",
            "versioning": [],
            "website": []
          },
          "sensitive_attributes": [],
          "private": "bnVsbA=="
        }
      ]
    },
    {
      "mode": "managed",
      "type": "google_storage_bucket_object",
      "name": "archive",
      "provider": "provider[\"registry.terraform.io/hashicorp/google\"]",
      "instances": [
        {
          "schema_version": 0,
          "attributes": {
            "bucket": "serverless-dbt-362814-source",
            "cache_control": "",
            "content": null,
            "content_disposition": "",
            "content_encoding": "",
            "content_language": "",
            "content_type": "application/zip",
            "crc32c": "7o3sXg==",
            "customer_encryption": [],
            "detect_md5hash": "QY5f+rvI2EFPODi1zlenTg==",
            "event_based_hold": false,
            "id": "serverless-dbt-362814-source-function_418e5ffabbc8d8414f3838b5ce57a74e.zip",
            "kms_key_name": "",
            "md5hash": "QY5f+rvI2EFPODi1zlenTg==",
            "media_link": "https://storage.googleapis.com/download/storage/v1/b/serverless-dbt-362814-source/o/function_418e5ffabbc8d8414f3838b5ce57a74e.zip?generation=1663604519107925\u0026alt=media",
            "metadata": null,
            "name": "function_418e5ffabbc8d8414f3838b5ce57a74e.zip",
            "output_name": "function_418e5ffabbc8d8414f3838b5ce57a74e.zip",
            "self_link": "https://www.googleapis.com/storage/v1/b/serverless-dbt-362814-source/o/function_418e5ffabbc8d8414f3838b5ce57a74e.zip",
            "source": "temp/function_code_20220919162158.zip",
            "storage_class": "STANDARD",
            "temporary_hold": false,
            "timeouts": null
          },
          "sensitive_attributes": [],
          "private": "eyJlMmJmYjczMC1lY2FhLTExZTYtOGY4OC0zNDM2M2JjN2M0YzAiOnsiY3JlYXRlIjoyNDAwMDAwMDAwMDAsImRlbGV0ZSI6MjQwMDAwMDAwMDAwLCJ1cGRhdGUiOjI0MDAwMDAwMDAwMH19",
          "dependencies": [
            "data.archive_file.function",
            "google_storage_bucket.source"
          ]
        }
      ]
    }
  ]
}
